
Microsoft Visual Studio Solution File, Format Version 12.00
# Visual Studio 15
VisualStudioVersion = 15.0.26730.16
MinimumVisualStudioVersion = 10.0.40219.1
Project("{8BC9CEB8-8B4A-11D0-8D11-00A0C91BC942}") = "ArvoreBD", "ArvoreBD\ArvoreBD.vcxproj", "{8C422E32-F864-41E8-9819-1B85CD36DA19}"
EndProject
Global
	GlobalSection(SolutionConfigurationPlatforms) = preSolution
		Debug|x64 = Debug|x64
		Debug|x86 = Debug|x86
		Release|x64 = Release|x64
		Release|x86 = Release|x86
	EndGlobalSection
	GlobalSection(ProjectConfigurationPlatforms) = postSolution
		{8C422E32-F864-41E8-9819-1B85CD36DA19}.Debug|x64.ActiveCfg = Debug|x64
		{8C422E32-F864-41E8-9819-1B85CD36DA19}.Debug|x64.Build.0 = Debug|x64
		{8C422E32-F864-41E8-9819-1B85CD36DA19}.Debug|x86.ActiveCfg = Debug|Win32
		{8C422E32-F864-41E8-9819-1B85CD36DA19}.Debug|x86.Build.0 = Debug|Win32
		{8C422E32-F864-41E8-9819-1B85CD36DA19}.Release|x64.ActiveCfg = Release|x64
		{8C422E32-F864-41E8-9819-1B85CD36DA19}.Release|x64.Build.0 = Release|x64
		{8C422E32-F864-41E8-9819-1B85CD36DA19}.Release|x86.ActiveCfg = Release|Win32
		{8C422E32-F864-41E8-9819-1B85CD36DA19}.Release|x86.Build.0 = Release|Win32
	EndGlobalSection
	GlobalSection(SolutionProperties) = preSolution
		HideSolutionNode = FALSE
	EndGlobalSection
	GlobalSection(ExtensibilityGlobals) = postSolution
		SolutionGuid = {D919EB58-29F3-40A1-880A-A98E577C81F6}
	EndGlobalSection
EndGlobal
